{
  "version": "4",
  "specifiers": {
    "jsr:@std/assert@1": "1.0.8",
    "jsr:@std/collections@^1.0.9": "1.0.9",
    "jsr:@std/internal@^1.0.5": "1.0.5",
    "npm:effect-ts@^0.0.1": "0.0.1",
    "npm:effect@*": "3.11.9",
    "npm:fp-ts@*": "2.16.9",
    "npm:fp-ts@^2.16.9": "2.16.9",
    "npm:fs@*": "0.0.1-security",
    "npm:fs@^0.0.1-security": "0.0.1-security",
    "npm:lodash.chunk@*": "4.2.0",
    "npm:lodash.chunk@^4.2.0": "4.2.0",
    "npm:readline@*": "1.3.0",
    "npm:readline@^1.3.0": "1.3.0",
    "npm:remeda@*": "2.17.4",
    "npm:remeda@^2.17.4": "2.17.4"
  },
  "jsr": {
    "@std/assert@1.0.8": {
      "integrity": "ebe0bd7eb488ee39686f77003992f389a06c3da1bbd8022184804852b2fa641b",
      "dependencies": [
        "jsr:@std/internal"
      ]
    },
    "@std/collections@1.0.9": {
      "integrity": "4f58104ead08a04a2199374247f07befe50ba01d9cca8cbb23ab9a0419921e71"
    },
    "@std/internal@1.0.5": {
      "integrity": "54a546004f769c1ac9e025abd15a76b6671ddc9687e2313b67376125650dc7ba"
    }
  },
  "npm": {
    "effect-ts@0.0.1": {
      "integrity": "sha512-6ENinaszHRpC/DdWGAFCHv/RBy9NImPJARBVoWTeO1PSBOmlibuzJvBxnoHD5dwdWikFEe7l7FEfl7MQyvvmaQ=="
    },
    "effect@3.11.9": {
      "integrity": "sha512-BeEOFVpe+f7S9mTiA2CLIzi1ywxgF1fUbcAank4jwdd6P0ZHQhaW3XVPZ7vkCNDTqmJs2f/gN2uV+Yw0ZqfDng==",
      "dependencies": [
        "fast-check"
      ]
    },
    "fast-check@3.23.2": {
      "integrity": "sha512-h5+1OzzfCC3Ef7VbtKdcv7zsstUQwUDlYpUTvjeUsJAssPgLn7QzbboPtL5ro04Mq0rPOsMzl7q5hIbRs2wD1A==",
      "dependencies": [
        "pure-rand"
      ]
    },
    "fp-ts@2.16.9": {
      "integrity": "sha512-+I2+FnVB+tVaxcYyQkHUq7ZdKScaBlX53A41mxQtpIccsfyv8PzdzP7fzp2AY832T4aoK6UZ5WRX/ebGd8uZuQ=="
    },
    "fs@0.0.1-security": {
      "integrity": "sha512-3XY9e1pP0CVEUCdj5BmfIZxRBTSDycnbqhIOGec9QYtmVH2fbLpj86CFWkrNOkt/Fvty4KZG5lTglL9j/gJ87w=="
    },
    "lodash.chunk@4.2.0": {
      "integrity": "sha512-ZzydJKfUHJwHa+hF5X66zLFCBrWn5GeF28OHEr4WVWtNDXlQ/IjWKPBiikqKo2ne0+v6JgCgJ0GzJp8k8bHC7w=="
    },
    "pure-rand@6.1.0": {
      "integrity": "sha512-bVWawvoZoBYpp6yIoQtQXHZjmz35RSVHnUOTefl8Vcjr8snTPY1wnpSPMWekcFwbxI6gtmT7rSYPFvz71ldiOA=="
    },
    "readline@1.3.0": {
      "integrity": "sha512-k2d6ACCkiNYz222Fs/iNze30rRJ1iIicW7JuX/7/cozvih6YCkFZH+J6mAFDVgv0dRBaAyr4jDqC95R2y4IADg=="
    },
    "remeda@2.17.4": {
      "integrity": "sha512-pviU2Ag7Qx9mOCAKO4voxDx/scfLzdhp3v85qDO4xxntQsU76uE9sgrAAdK1ATn4zzaOJqCXYMMNRP+O9F4Wiw==",
      "dependencies": [
        "type-fest"
      ]
    },
    "type-fest@4.30.0": {
      "integrity": "sha512-G6zXWS1dLj6eagy6sVhOMQiLtJdxQBHIA9Z6HFUNLOlr6MFOgzV8wvmidtPONfPtEUv0uZsy77XJNzTAfwPDaA=="
    }
  },
  "redirects": {
    "https://cdn.pika.dev/big.js/^5.2.2": "https://cdn.skypack.dev/big.js@^5.2.2"
  },
  "remote": {
    "https://cdn.skypack.dev/-/big.js@v5.2.2-sUR8fKsGHRxsJyqyvOSP/dist=es2019,mode=imports/optimized/bigjs.js": "b6d8e6af0c1f7bdc7e8cd0890819ecee2dcbb0776ec4089eae281de8ebd7b2bd",
    "https://cdn.skypack.dev/big.js@^5.2.2": "f74e8935c06af6664d64a5534d1d6db1ab66649df8164696117ab5a1cd10714e",
    "https://deno.land/x/math@v1.1.0/abs.ts": "d64fe603ae4bb57037f06a1a5004285b99ed016dab6bfcded07c8155efce24b7",
    "https://deno.land/x/math@v1.1.0/big/mod.ts": "ba561f56a24ecc9f03542693ed0c81166ed0c921f8017d220ec70c963e935509"
  },
  "workspace": {
    "dependencies": [
      "jsr:@std/assert@1",
      "jsr:@std/collections@^1.0.9",
      "npm:effect-ts@^0.0.1",
      "npm:fp-ts@^2.16.9",
      "npm:fs@^0.0.1-security",
      "npm:lodash.chunk@^4.2.0",
      "npm:readline@^1.3.0",
      "npm:remeda@^2.17.4"
    ]
  }
}
